// !$*UTF8*$!
{
	archiveVersion = 1;
	classes = {
	};
	objectVersion = 56;
	objects = {

/* Begin PBXBuildFile section */
		02B100002D7FC56F003FAA6D /* SettingsViewModel.swift in Sources */ = {isa = PBXBuildFile; fileRef = 02B1FFFF2D7FC56F003FAA6D /* SettingsViewModel.swift */; };
		02B100042D7FC96E003FAA6D /* Localizable.strings in Sources */ = {isa = PBXBuildFile; fileRef = 02B100062D7FC96E003FAA6D /* Localizable.strings */; };
		02B1FFD52D7CE9B2003FAA6D /* iOS_CryptoApp.swift in Sources */ = {isa = PBXBuildFile; fileRef = 02B1FFD42D7CE9B2003FAA6D /* iOS_CryptoApp.swift */; };
		02B1FFD72D7CE9B2003FAA6D /* HomeView.swift in Sources */ = {isa = PBXBuildFile; fileRef = 02B1FFD62D7CE9B2003FAA6D /* HomeView.swift */; };
		02B1FFD92D7CE9B5003FAA6D /* Assets.xcassets in Resources */ = {isa = PBXBuildFile; fileRef = 02B1FFD82D7CE9B5003FAA6D /* Assets.xcassets */; };
		02B1FFDC2D7CE9B5003FAA6D /* Preview Assets.xcassets in Resources */ = {isa = PBXBuildFile; fileRef = 02B1FFDB2D7CE9B5003FAA6D /* Preview Assets.xcassets */; };
		02B1FFE72D7CEB3B003FAA6D /* NavigationManager.swift in Sources */ = {isa = PBXBuildFile; fileRef = 02B1FFE62D7CEB3B003FAA6D /* NavigationManager.swift */; };
		02B1FFE92D7CED6C003FAA6D /* NavigationDestination.swift in Sources */ = {isa = PBXBuildFile; fileRef = 02B1FFE82D7CED6C003FAA6D /* NavigationDestination.swift */; };
		02B1FFEC2D7CEDD3003FAA6D /* NavigationManagerView.swift in Sources */ = {isa = PBXBuildFile; fileRef = 02B1FFEB2D7CEDD3003FAA6D /* NavigationManagerView.swift */; };
		02B1FFEE2D7CF058003FAA6D /* CryptoDetailView.swift in Sources */ = {isa = PBXBuildFile; fileRef = 02B1FFED2D7CF058003FAA6D /* CryptoDetailView.swift */; };
		02B1FFF12D7F791F003FAA6D /* HomeViewModel.swift in Sources */ = {isa = PBXBuildFile; fileRef = 02B1FFF02D7F791F003FAA6D /* HomeViewModel.swift */; };
		02B1FFF32D7F7970003FAA6D /* CryptoModel.swift in Sources */ = {isa = PBXBuildFile; fileRef = 02B1FFF22D7F7970003FAA6D /* CryptoModel.swift */; };
		02B1FFF62D7F8F21003FAA6D /* Extensions.swift in Sources */ = {isa = PBXBuildFile; fileRef = 02B1FFF52D7F8F21003FAA6D /* Extensions.swift */; };
		02B1FFF82D7FA5F4003FAA6D /* CryptoSimpleView.swift in Sources */ = {isa = PBXBuildFile; fileRef = 02B1FFF72D7FA5F4003FAA6D /* CryptoSimpleView.swift */; };
		02B1FFFA2D7FB0EC003FAA6D /* CryptoDetailViewModel.swift in Sources */ = {isa = PBXBuildFile; fileRef = 02B1FFF92D7FB0EC003FAA6D /* CryptoDetailViewModel.swift */; };
		02B1FFFC2D7FB9F1003FAA6D /* CryptoButtons.swift in Sources */ = {isa = PBXBuildFile; fileRef = 02B1FFFB2D7FB9F1003FAA6D /* CryptoButtons.swift */; };
		02B1FFFE2D7FC51F003FAA6D /* SettingsView.swift in Sources */ = {isa = PBXBuildFile; fileRef = 02B1FFFD2D7FC51F003FAA6D /* SettingsView.swift */; };
/* End PBXBuildFile section */

/* Begin PBXFileReference section */
		02B100052D7FC96E003FAA6D /* en */ = {isa = PBXFileReference; lastKnownFileType = text.plist.strings; name = en; path = en.lproj/Localizable.strings; sourceTree = "<group>"; };
		02B100072D7FC972003FAA6D /* es-419 */ = {isa = PBXFileReference; lastKnownFileType = text.plist.strings; name = "es-419"; path = "es-419.lproj/Localizable.strings"; sourceTree = "<group>"; };
		02B1FFD12D7CE9B2003FAA6D /* iOS_Crypto.app */ = {isa = PBXFileReference; explicitFileType = wrapper.application; includeInIndex = 0; path = iOS_Crypto.app; sourceTree = BUILT_PRODUCTS_DIR; };
		02B1FFD42D7CE9B2003FAA6D /* iOS_CryptoApp.swift */ = {isa = PBXFileReference; lastKnownFileType = sourcecode.swift; path = iOS_CryptoApp.swift; sourceTree = "<group>"; };
		02B1FFD62D7CE9B2003FAA6D /* HomeView.swift */ = {isa = PBXFileReference; lastKnownFileType = sourcecode.swift; path = HomeView.swift; sourceTree = "<group>"; };
		02B1FFD82D7CE9B5003FAA6D /* Assets.xcassets */ = {isa = PBXFileReference; lastKnownFileType = folder.assetcatalog; path = Assets.xcassets; sourceTree = "<group>"; };
		02B1FFDB2D7CE9B5003FAA6D /* Preview Assets.xcassets */ = {isa = PBXFileReference; lastKnownFileType = folder.assetcatalog; path = "Preview Assets.xcassets"; sourceTree = "<group>"; };
		02B1FFE62D7CEB3B003FAA6D /* NavigationManager.swift */ = {isa = PBXFileReference; lastKnownFileType = sourcecode.swift; path = NavigationManager.swift; sourceTree = "<group>"; };
		02B1FFE82D7CED6C003FAA6D /* NavigationDestination.swift */ = {isa = PBXFileReference; lastKnownFileType = sourcecode.swift; path = NavigationDestination.swift; sourceTree = "<group>"; };
		02B1FFEB2D7CEDD3003FAA6D /* NavigationManagerView.swift */ = {isa = PBXFileReference; lastKnownFileType = sourcecode.swift; path = NavigationManagerView.swift; sourceTree = "<group>"; };
		02B1FFED2D7CF058003FAA6D /* CryptoDetailView.swift */ = {isa = PBXFileReference; lastKnownFileType = sourcecode.swift; path = CryptoDetailView.swift; sourceTree = "<group>"; };
		02B1FFF02D7F791F003FAA6D /* HomeViewModel.swift */ = {isa = PBXFileReference; lastKnownFileType = sourcecode.swift; path = HomeViewModel.swift; sourceTree = "<group>"; };
		02B1FFF22D7F7970003FAA6D /* CryptoModel.swift */ = {isa = PBXFileReference; lastKnownFileType = sourcecode.swift; path = CryptoModel.swift; sourceTree = "<group>"; };
		02B1FFF52D7F8F21003FAA6D /* Extensions.swift */ = {isa = PBXFileReference; lastKnownFileType = sourcecode.swift; path = Extensions.swift; sourceTree = "<group>"; };
		02B1FFF72D7FA5F4003FAA6D /* CryptoSimpleView.swift */ = {isa = PBXFileReference; lastKnownFileType = sourcecode.swift; path = CryptoSimpleView.swift; sourceTree = "<group>"; };
		02B1FFF92D7FB0EC003FAA6D /* CryptoDetailViewModel.swift */ = {isa = PBXFileReference; lastKnownFileType = sourcecode.swift; path = CryptoDetailViewModel.swift; sourceTree = "<group>"; };
		02B1FFFB2D7FB9F1003FAA6D /* CryptoButtons.swift */ = {isa = PBXFileReference; lastKnownFileType = sourcecode.swift; path = CryptoButtons.swift; sourceTree = "<group>"; };
		02B1FFFD2D7FC51F003FAA6D /* SettingsView.swift */ = {isa = PBXFileReference; lastKnownFileType = sourcecode.swift; path = SettingsView.swift; sourceTree = "<group>"; };
		02B1FFFF2D7FC56F003FAA6D /* SettingsViewModel.swift */ = {isa = PBXFileReference; lastKnownFileType = sourcecode.swift; path = SettingsViewModel.swift; sourceTree = "<group>"; };
/* End PBXFileReference section */

/* Begin PBXFrameworksBuildPhase section */
		02B1FFCE2D7CE9B2003FAA6D /* Frameworks */ = {
			isa = PBXFrameworksBuildPhase;
			buildActionMask = 2147483647;
			files = (
			);
			runOnlyForDeploymentPostprocessing = 0;
		};
/* End PBXFrameworksBuildPhase section */

/* Begin PBXGroup section */
		02B100012D7FC940003FAA6D /* Resources */ = {
			isa = PBXGroup;
			children = (
				02B100062D7FC96E003FAA6D /* Localizable.strings */,
			);
			path = Resources;
			sourceTree = "<group>";
		};
		02B1FFC82D7CE9B2003FAA6D = {
			isa = PBXGroup;
			children = (
				02B1FFD32D7CE9B2003FAA6D /* iOS_Crypto */,
				02B1FFD22D7CE9B2003FAA6D /* Products */,
			);
			sourceTree = "<group>";
		};
		02B1FFD22D7CE9B2003FAA6D /* Products */ = {
			isa = PBXGroup;
			children = (
				02B1FFD12D7CE9B2003FAA6D /* iOS_Crypto.app */,
			);
			name = Products;
			sourceTree = "<group>";
		};
		02B1FFD32D7CE9B2003FAA6D /* iOS_Crypto */ = {
			isa = PBXGroup;
			children = (
				02B100012D7FC940003FAA6D /* Resources */,
				02B1FFD42D7CE9B2003FAA6D /* iOS_CryptoApp.swift */,
				02B1FFE22D7CEAB6003FAA6D /* Models */,
				02B1FFE32D7CEAC5003FAA6D /* Views */,
				02B1FFE42D7CEAD3003FAA6D /* ViewModels */,
				02B1FFF42D7F8F05003FAA6D /* Extensions */,
				02B1FFD82D7CE9B5003FAA6D /* Assets.xcassets */,
				02B1FFDA2D7CE9B5003FAA6D /* Preview Content */,
			);
			path = iOS_Crypto;
			sourceTree = "<group>";
		};
		02B1FFDA2D7CE9B5003FAA6D /* Preview Content */ = {
			isa = PBXGroup;
			children = (
				02B1FFDB2D7CE9B5003FAA6D /* Preview Assets.xcassets */,
			);
			path = "Preview Content";
			sourceTree = "<group>";
		};
		02B1FFE22D7CEAB6003FAA6D /* Models */ = {
			isa = PBXGroup;
			children = (
				02B1FFF22D7F7970003FAA6D /* CryptoModel.swift */,
			);
			path = Models;
			sourceTree = "<group>";
		};
		02B1FFE32D7CEAC5003FAA6D /* Views */ = {
			isa = PBXGroup;
			children = (
				02B1FFEF2D7CF078003FAA6D /* Reusable */,
				02B1FFEA2D7CEDBD003FAA6D /* Navigation */,
				02B1FFD62D7CE9B2003FAA6D /* HomeView.swift */,
				02B1FFED2D7CF058003FAA6D /* CryptoDetailView.swift */,
				02B1FFF72D7FA5F4003FAA6D /* CryptoSimpleView.swift */,
				02B1FFFD2D7FC51F003FAA6D /* SettingsView.swift */,
			);
			path = Views;
			sourceTree = "<group>";
		};
		02B1FFE42D7CEAD3003FAA6D /* ViewModels */ = {
			isa = PBXGroup;
			children = (
				02B1FFE52D7CEB01003FAA6D /* Navigation */,
				02B1FFF02D7F791F003FAA6D /* HomeViewModel.swift */,
				02B1FFF92D7FB0EC003FAA6D /* CryptoDetailViewModel.swift */,
				02B1FFFF2D7FC56F003FAA6D /* SettingsViewModel.swift */,
			);
			path = ViewModels;
			sourceTree = "<group>";
		};
		02B1FFE52D7CEB01003FAA6D /* Navigation */ = {
			isa = PBXGroup;
			children = (
				02B1FFE62D7CEB3B003FAA6D /* NavigationManager.swift */,
				02B1FFE82D7CED6C003FAA6D /* NavigationDestination.swift */,
			);
			path = Navigation;
			sourceTree = "<group>";
		};
		02B1FFEA2D7CEDBD003FAA6D /* Navigation */ = {
			isa = PBXGroup;
			children = (
				02B1FFEB2D7CEDD3003FAA6D /* NavigationManagerView.swift */,
			);
			path = Navigation;
			sourceTree = "<group>";
		};
		02B1FFEF2D7CF078003FAA6D /* Reusable */ = {
			isa = PBXGroup;
			children = (
				02B1FFFB2D7FB9F1003FAA6D /* CryptoButtons.swift */,
			);
			path = Reusable;
			sourceTree = "<group>";
		};
		02B1FFF42D7F8F05003FAA6D /* Extensions */ = {
			isa = PBXGroup;
			children = (
				02B1FFF52D7F8F21003FAA6D /* Extensions.swift */,
			);
			path = Extensions;
			sourceTree = "<group>";
		};
/* End PBXGroup section */

/* Begin PBXNativeTarget section */
		02B1FFD02D7CE9B2003FAA6D /* iOS_Crypto */ = {
			isa = PBXNativeTarget;
			buildConfigurationList = 02B1FFDF2D7CE9B5003FAA6D /* Build configuration list for PBXNativeTarget "iOS_Crypto" */;
			buildPhases = (
				02B1FFCD2D7CE9B2003FAA6D /* Sources */,
				02B1FFCE2D7CE9B2003FAA6D /* Frameworks */,
				02B1FFCF2D7CE9B2003FAA6D /* Resources */,
			);
			buildRules = (
			);
			dependencies = (
			);
			name = iOS_Crypto;
			productName = iOS_Crypto;
			productReference = 02B1FFD12D7CE9B2003FAA6D /* iOS_Crypto.app */;
			productType = "com.apple.product-type.application";
		};
/* End PBXNativeTarget section */

/* Begin PBXProject section */
		02B1FFC92D7CE9B2003FAA6D /* Project object */ = {
			isa = PBXProject;
			attributes = {
				BuildIndependentTargetsInParallel = 1;
				LastSwiftUpdateCheck = 1500;
				LastUpgradeCheck = 1500;
				TargetAttributes = {
					02B1FFD02D7CE9B2003FAA6D = {
						CreatedOnToolsVersion = 15.0;
					};
				};
			};
			buildConfigurationList = 02B1FFCC2D7CE9B2003FAA6D /* Build configuration list for PBXProject "iOS_Crypto" */;
			compatibilityVersion = "Xcode 14.0";
			developmentRegion = en;
			hasScannedForEncodings = 0;
			knownRegions = (
				en,
				Base,
				"es-419",
			);
			mainGroup = 02B1FFC82D7CE9B2003FAA6D;
			productRefGroup = 02B1FFD22D7CE9B2003FAA6D /* Products */;
			projectDirPath = "";
			projectRoot = "";
			targets = (
				02B1FFD02D7CE9B2003FAA6D /* iOS_Crypto */,
			);
		};
/* End PBXProject section */

/* Begin PBXResourcesBuildPhase section */
		02B1FFCF2D7CE9B2003FAA6D /* Resources */ = {
			isa = PBXResourcesBuildPhase;
			buildActionMask = 2147483647;
			files = (
				02B1FFDC2D7CE9B5003FAA6D /* Preview Assets.xcassets in Resources */,
				02B1FFD92D7CE9B5003FAA6D /* Assets.xcassets in Resources */,
			);
			runOnlyForDeploymentPostprocessing = 0;
		};
/* End PBXResourcesBuildPhase section */

/* Begin PBXSourcesBuildPhase section */
		02B1FFCD2D7CE9B2003FAA6D /* Sources */ = {
			isa = PBXSourcesBuildPhase;
			buildActionMask = 2147483647;
			files = (
				02B1FFEE2D7CF058003FAA6D /* CryptoDetailView.swift in Sources */,
				02B100002D7FC56F003FAA6D /* SettingsViewModel.swift in Sources */,
				02B1FFF82D7FA5F4003FAA6D /* CryptoSimpleView.swift in Sources */,
				02B1FFFC2D7FB9F1003FAA6D /* CryptoButtons.swift in Sources */,
				02B1FFFE2D7FC51F003FAA6D /* SettingsView.swift in Sources */,
				02B1FFE92D7CED6C003FAA6D /* NavigationDestination.swift in Sources */,
				02B1FFF12D7F791F003FAA6D /* HomeViewModel.swift in Sources */,
				02B100042D7FC96E003FAA6D /* Localizable.strings in Sources */,
				02B1FFEC2D7CEDD3003FAA6D /* NavigationManagerView.swift in Sources */,
				02B1FFD72D7CE9B2003FAA6D /* HomeView.swift in Sources */,
				02B1FFD52D7CE9B2003FAA6D /* iOS_CryptoApp.swift in Sources */,
				02B1FFF32D7F7970003FAA6D /* CryptoModel.swift in Sources */,
				02B1FFFA2D7FB0EC003FAA6D /* CryptoDetailViewModel.swift in Sources */,
				02B1FFF62D7F8F21003FAA6D /* Extensions.swift in Sources */,
				02B1FFE72D7CEB3B003FAA6D /* NavigationManager.swift in Sources */,
			);
			runOnlyForDeploymentPostprocessing = 0;
		};
/* End PBXSourcesBuildPhase section */

/* Begin PBXVariantGroup section */
		02B100062D7FC96E003FAA6D /* Localizable.strings */ = {
			isa = PBXVariantGroup;
			children = (
				02B100052D7FC96E003FAA6D /* en */,
				02B100072D7FC972003FAA6D /* es-419 */,
			);
			name = Localizable.strings;
			sourceTree = "<group>";
		};
/* End PBXVariantGroup section */

/* Begin XCBuildConfiguration section */
		02B1FFDD2D7CE9B5003FAA6D /* Debug */ = {
			isa = XCBuildConfiguration;
			buildSettings = {
				ALWAYS_SEARCH_USER_PATHS = NO;
				ASSETCATALOG_COMPILER_GENERATE_SWIFT_ASSET_SYMBOL_EXTENSIONS = YES;
				CLANG_ANALYZER_NONNULL = YES;
				CLANG_ANALYZER_NUMBER_OBJECT_CONVERSION = YES_AGGRESSIVE;
				CLANG_CXX_LANGUAGE_STANDARD = "gnu++20";
				CLANG_ENABLE_MODULES = YES;
				CLANG_ENABLE_OBJC_ARC = YES;
				CLANG_ENABLE_OBJC_WEAK = YES;
				CLANG_WARN_BLOCK_CAPTURE_AUTORELEASING = YES;
				CLANG_WARN_BOOL_CONVERSION = YES;
				CLANG_WARN_COMMA = YES;
				CLANG_WARN_CONSTANT_CONVERSION = YES;
				CLANG_WARN_DEPRECATED_OBJC_IMPLEMENTATIONS = YES;
				CLANG_WARN_DIRECT_OBJC_ISA_USAGE = YES_ERROR;
				CLANG_WARN_DOCUMENTATION_COMMENTS = YES;
				CLANG_WARN_EMPTY_BODY = YES;
				CLANG_WARN_ENUM_CONVERSION = YES;
				CLANG_WARN_INFINITE_RECURSION = YES;
				CLANG_WARN_INT_CONVERSION = YES;
				CLANG_WARN_NON_LITERAL_NULL_CONVERSION = YES;
				CLANG_WARN_OBJC_IMPLICIT_RETAIN_SELF = YES;
				CLANG_WARN_OBJC_LITERAL_CONVERSION = YES;
				CLANG_WARN_OBJC_ROOT_CLASS = YES_ERROR;
				CLANG_WARN_QUOTED_INCLUDE_IN_FRAMEWORK_HEADER = YES;
				CLANG_WARN_RANGE_LOOP_ANALYSIS = YES;
				CLANG_WARN_STRICT_PROTOTYPES = YES;
				CLANG_WARN_SUSPICIOUS_MOVE = YES;
				CLANG_WARN_UNGUARDED_AVAILABILITY = YES_AGGRESSIVE;
				CLANG_WARN_UNREACHABLE_CODE = YES;
				CLANG_WARN__DUPLICATE_METHOD_MATCH = YES;
				COPY_PHASE_STRIP = NO;
				DEBUG_INFORMATION_FORMAT = dwarf;
				ENABLE_STRICT_OBJC_MSGSEND = YES;
				ENABLE_TESTABILITY = YES;
				ENABLE_USER_SCRIPT_SANDBOXING = YES;
				GCC_C_LANGUAGE_STANDARD = gnu17;
				GCC_DYNAMIC_NO_PIC = NO;
				GCC_NO_COMMON_BLOCKS = YES;
				GCC_OPTIMIZATION_LEVEL = 0;
				GCC_PREPROCESSOR_DEFINITIONS = (
					"DEBUG=1",
					"$(inherited)",
				);
				GCC_WARN_64_TO_32_BIT_CONVERSION = YES;
				GCC_WARN_ABOUT_RETURN_TYPE = YES_ERROR;
				GCC_WARN_UNDECLARED_SELECTOR = YES;
				GCC_WARN_UNINITIALIZED_AUTOS = YES_AGGRESSIVE;
				GCC_WARN_UNUSED_FUNCTION = YES;
				GCC_WARN_UNUSED_VARIABLE = YES;
				IPHONEOS_DEPLOYMENT_TARGET = 17.0;
				LOCALIZATION_PREFERS_STRING_CATALOGS = YES;
				MTL_ENABLE_DEBUG_INFO = INCLUDE_SOURCE;
				MTL_FAST_MATH = YES;
				ONLY_ACTIVE_ARCH = YES;
				SDKROOT = iphoneos;
				SWIFT_ACTIVE_COMPILATION_CONDITIONS = "DEBUG $(inherited)";
				SWIFT_OPTIMIZATION_LEVEL = "-Onone";
			};
			name = Debug;
		};
		02B1FFDE2D7CE9B5003FAA6D /* Release */ = {
			isa = XCBuildConfiguration;
			buildSettings = {
				ALWAYS_SEARCH_USER_PATHS = NO;
				ASSETCATALOG_COMPILER_GENERATE_SWIFT_ASSET_SYMBOL_EXTENSIONS = YES;
				CLANG_ANALYZER_NONNULL = YES;
				CLANG_ANALYZER_NUMBER_OBJECT_CONVERSION = YES_AGGRESSIVE;
				CLANG_CXX_LANGUAGE_STANDARD = "gnu++20";
				CLANG_ENABLE_MODULES = YES;
				CLANG_ENABLE_OBJC_ARC = YES;
				CLANG_ENABLE_OBJC_WEAK = YES;
				CLANG_WARN_BLOCK_CAPTURE_AUTORELEASING = YES;
				CLANG_WARN_BOOL_CONVERSION = YES;
				CLANG_WARN_COMMA = YES;
				CLANG_WARN_CONSTANT_CONVERSION = YES;
				CLANG_WARN_DEPRECATED_OBJC_IMPLEMENTATIONS = YES;
				CLANG_WARN_DIRECT_OBJC_ISA_USAGE = YES_ERROR;
				CLANG_WARN_DOCUMENTATION_COMMENTS = YES;
				CLANG_WARN_EMPTY_BODY = YES;
				CLANG_WARN_ENUM_CONVERSION = YES;
				CLANG_WARN_INFINITE_RECURSION = YES;
				CLANG_WARN_INT_CONVERSION = YES;
				CLANG_WARN_NON_LITERAL_NULL_CONVERSION = YES;
				CLANG_WARN_OBJC_IMPLICIT_RETAIN_SELF = YES;
				CLANG_WARN_OBJC_LITERAL_CONVERSION = YES;
				CLANG_WARN_OBJC_ROOT_CLASS = YES_ERROR;
				CLANG_WARN_QUOTED_INCLUDE_IN_FRAMEWORK_HEADER = YES;
				CLANG_WARN_RANGE_LOOP_ANALYSIS = YES;
				CLANG_WARN_STRICT_PROTOTYPES = YES;
				CLANG_WARN_SUSPICIOUS_MOVE = YES;
				CLANG_WARN_UNGUARDED_AVAILABILITY = YES_AGGRESSIVE;
				CLANG_WARN_UNREACHABLE_CODE = YES;
				CLANG_WARN__DUPLICATE_METHOD_MATCH = YES;
				COPY_PHASE_STRIP = NO;
				DEBUG_INFORMATION_FORMAT = "dwarf-with-dsym";
				ENABLE_NS_ASSERTIONS = NO;
				ENABLE_STRICT_OBJC_MSGSEND = YES;
				ENABLE_USER_SCRIPT_SANDBOXING = YES;
				GCC_C_LANGUAGE_STANDARD = gnu17;
				GCC_NO_COMMON_BLOCKS = YES;
				GCC_WARN_64_TO_32_BIT_CONVERSION = YES;
				GCC_WARN_ABOUT_RETURN_TYPE = YES_ERROR;
				GCC_WARN_UNDECLARED_SELECTOR = YES;
				GCC_WARN_UNINITIALIZED_AUTOS = YES_AGGRESSIVE;
				GCC_WARN_UNUSED_FUNCTION = YES;
				GCC_WARN_UNUSED_VARIABLE = YES;
				IPHONEOS_DEPLOYMENT_TARGET = 17.0;
				LOCALIZATION_PREFERS_STRING_CATALOGS = YES;
				MTL_ENABLE_DEBUG_INFO = NO;
				MTL_FAST_MATH = YES;
				SDKROOT = iphoneos;
				SWIFT_COMPILATION_MODE = wholemodule;
				VALIDATE_PRODUCT = YES;
			};
			name = Release;
		};
		02B1FFE02D7CE9B5003FAA6D /* Debug */ = {
			isa = XCBuildConfiguration;
			buildSettings = {
				ASSETCATALOG_COMPILER_APPICON_NAME = AppIcon;
				ASSETCATALOG_COMPILER_GLOBAL_ACCENT_COLOR_NAME = AccentColor;
				CODE_SIGN_STYLE = Automatic;
				CURRENT_PROJECT_VERSION = 1;
				DEVELOPMENT_ASSET_PATHS = "\"iOS_Crypto/Preview Content\"";
				ENABLE_PREVIEWS = YES;
				GENERATE_INFOPLIST_FILE = YES;
				INFOPLIST_KEY_UIApplicationSceneManifest_Generation = YES;
				INFOPLIST_KEY_UIApplicationSupportsIndirectInputEvents = YES;
				INFOPLIST_KEY_UILaunchScreen_Generation = YES;
				INFOPLIST_KEY_UISupportedInterfaceOrientations_iPad = "UIInterfaceOrientationPortrait UIInterfaceOrientationPortraitUpsideDown UIInterfaceOrientationLandscapeLeft UIInterfaceOrientationLandscapeRight";
				INFOPLIST_KEY_UISupportedInterfaceOrientations_iPhone = "UIInterfaceOrientationPortrait UIInterfaceOrientationLandscapeLeft UIInterfaceOrientationLandscapeRight";
				LD_RUNPATH_SEARCH_PATHS = (
					"$(inherited)",
					"@executable_path/Frameworks",
				);
				MARKETING_VERSION = 1.0;
				PRODUCT_BUNDLE_IDENTIFIER = "com.crypto.app.iOS-Crypto";
				PRODUCT_NAME = "$(TARGET_NAME)";
				SWIFT_EMIT_LOC_STRINGS = YES;
				SWIFT_VERSION = 5.0;
				TARGETED_DEVICE_FAMILY = "1,2";
			};
			name = Debug;
		};
		02B1FFE12D7CE9B5003FAA6D /* Release */ = {
			isa = XCBuildConfiguration;
			buildSettings = {
				ASSETCATALOG_COMPILER_APPICON_NAME = AppIcon;
				ASSETCATALOG_COMPILER_GLOBAL_ACCENT_COLOR_NAME = AccentColor;
				CODE_SIGN_STYLE = Automatic;
				CURRENT_PROJECT_VERSION = 1;
				DEVELOPMENT_ASSET_PATHS = "\"iOS_Crypto/Preview Content\"";
				ENABLE_PREVIEWS = YES;
				GENERATE_INFOPLIST_FILE = YES;
				INFOPLIST_KEY_UIApplicationSceneManifest_Generation = YES;
				INFOPLIST_KEY_UIApplicationSupportsIndirectInputEvents = YES;
				INFOPLIST_KEY_UILaunchScreen_Generation = YES;
				INFOPLIST_KEY_UISupportedInterfaceOrientations_iPad = "UIInterfaceOrientationPortrait UIInterfaceOrientationPortraitUpsideDown UIInterfaceOrientationLandscapeLeft UIInterfaceOrientationLandscapeRight";
				INFOPLIST_KEY_UISupportedInterfaceOrientations_iPhone = "UIInterfaceOrientationPortrait UIInterfaceOrientationLandscapeLeft UIInterfaceOrientationLandscapeRight";
				LD_RUNPATH_SEARCH_PATHS = (
					"$(inherited)",
					"@executable_path/Frameworks",
				);
				MARKETING_VERSION = 1.0;
				PRODUCT_BUNDLE_IDENTIFIER = "com.crypto.app.iOS-Crypto";
				PRODUCT_NAME = "$(TARGET_NAME)";
				SWIFT_EMIT_LOC_STRINGS = YES;
				SWIFT_VERSION = 5.0;
				TARGETED_DEVICE_FAMILY = "1,2";
			};
			name = Release;
		};
/* End XCBuildConfiguration section */

/* Begin XCConfigurationList section */
		02B1FFCC2D7CE9B2003FAA6D /* Build configuration list for PBXProject "iOS_Crypto" */ = {
			isa = XCConfigurationList;
			buildConfigurations = (
				02B1FFDD2D7CE9B5003FAA6D /* Debug */,
				02B1FFDE2D7CE9B5003FAA6D /* Release */,
			);
			defaultConfigurationIsVisible = 0;
			defaultConfigurationName = Release;
		};
		02B1FFDF2D7CE9B5003FAA6D /* Build configuration list for PBXNativeTarget "iOS_Crypto" */ = {
			isa = XCConfigurationList;
			buildConfigurations = (
				02B1FFE02D7CE9B5003FAA6D /* Debug */,
				02B1FFE12D7CE9B5003FAA6D /* Release */,
			);
			defaultConfigurationIsVisible = 0;
			defaultConfigurationName = Release;
		};
/* End XCConfigurationList section */
	};
	rootObject = 02B1FFC92D7CE9B2003FAA6D /* Project object */;
}
